
Microsoft Visual Studio Solution File, Format Version 12.00
# Visual Studio Version 16
VisualStudioVersion = 16.0.30907.101
MinimumVisualStudioVersion = 10.0.40219.1
Project("{FAE04EC0-301F-11D3-BF4B-00C04F79EFBC}") = "SixthTask", "SixthTask.csproj", "{688189C1-BE7A-4C35-94E1-612AB805B237}"
EndProject
Global
	GlobalSection(SolutionConfigurationPlatforms) = preSolution
		Debug|Any CPU = Debug|Any CPU
		Release|Any CPU = Release|Any CPU
	EndGlobalSection
	GlobalSection(ProjectConfigurationPlatforms) = postSolution
		{688189C1-BE7A-4C35-94E1-612AB805B237}.Debug|Any CPU.ActiveCfg = Debug|Any CPU
		{688189C1-BE7A-4C35-94E1-612AB805B237}.Debug|Any CPU.Build.0 = Debug|Any CPU
		{688189C1-BE7A-4C35-94E1-612AB805B237}.Release|Any CPU.ActiveCfg = Release|Any CPU
		{688189C1-BE7A-4C35-94E1-612AB805B237}.Release|Any CPU.Build.0 = Release|Any CPU
	EndGlobalSection
	GlobalSection(SolutionProperties) = preSolution
		HideSolutionNode = FALSE
	EndGlobalSection
	GlobalSection(ExtensibilityGlobals) = postSolution
		SolutionGuid = {EA12D01A-D733-49D0-AC43-8F6086BBAB57}
	EndGlobalSection
EndGlobal
