
Microsoft Visual Studio Solution File, Format Version 12.00
# Visual Studio Version 16
VisualStudioVersion = 16.0.30907.101
MinimumVisualStudioVersion = 10.0.40219.1
Project("{FAE04EC0-301F-11D3-BF4B-00C04F79EFBC}") = "ThirdTask", "ThirdTask.csproj", "{FFF83F11-5E86-491C-A8AD-A869CFF9C398}"
EndProject
Project("{FAE04EC0-301F-11D3-BF4B-00C04F79EFBC}") = "ThirdTask.Tests", "..\ThirdTask.Test\ThirdTask.Tests.csproj", "{0DA23E63-D7AD-4071-8F41-5A44B769B91F}"
EndProject
Global
	GlobalSection(SolutionConfigurationPlatforms) = preSolution
		Debug|Any CPU = Debug|Any CPU
		Release|Any CPU = Release|Any CPU
	EndGlobalSection
	GlobalSection(ProjectConfigurationPlatforms) = postSolution
		{FFF83F11-5E86-491C-A8AD-A869CFF9C398}.Debug|Any CPU.ActiveCfg = Debug|Any CPU
		{FFF83F11-5E86-491C-A8AD-A869CFF9C398}.Debug|Any CPU.Build.0 = Debug|Any CPU
		{FFF83F11-5E86-491C-A8AD-A869CFF9C398}.Release|Any CPU.ActiveCfg = Release|Any CPU
		{FFF83F11-5E86-491C-A8AD-A869CFF9C398}.Release|Any CPU.Build.0 = Release|Any CPU
		{0DA23E63-D7AD-4071-8F41-5A44B769B91F}.Debug|Any CPU.ActiveCfg = Debug|Any CPU
		{0DA23E63-D7AD-4071-8F41-5A44B769B91F}.Debug|Any CPU.Build.0 = Debug|Any CPU
		{0DA23E63-D7AD-4071-8F41-5A44B769B91F}.Release|Any CPU.ActiveCfg = Release|Any CPU
		{0DA23E63-D7AD-4071-8F41-5A44B769B91F}.Release|Any CPU.Build.0 = Release|Any CPU
	EndGlobalSection
	GlobalSection(SolutionProperties) = preSolution
		HideSolutionNode = FALSE
	EndGlobalSection
	GlobalSection(ExtensibilityGlobals) = postSolution
		SolutionGuid = {E67E5BC9-0D1B-4E49-9262-A2663E523644}
	EndGlobalSection
EndGlobal
