
Microsoft Visual Studio Solution File, Format Version 12.00
# Visual Studio Version 16
VisualStudioVersion = 16.0.30907.101
MinimumVisualStudioVersion = 10.0.40219.1
Project("{FAE04EC0-301F-11D3-BF4B-00C04F79EFBC}") = "EighthTask", "EighthTask.csproj", "{BC28B79D-44EB-4DA9-9BE0-1669B3524FDB}"
EndProject
Global
	GlobalSection(SolutionConfigurationPlatforms) = preSolution
		Debug|Any CPU = Debug|Any CPU
		Release|Any CPU = Release|Any CPU
	EndGlobalSection
	GlobalSection(ProjectConfigurationPlatforms) = postSolution
		{BC28B79D-44EB-4DA9-9BE0-1669B3524FDB}.Debug|Any CPU.ActiveCfg = Debug|Any CPU
		{BC28B79D-44EB-4DA9-9BE0-1669B3524FDB}.Debug|Any CPU.Build.0 = Debug|Any CPU
		{BC28B79D-44EB-4DA9-9BE0-1669B3524FDB}.Release|Any CPU.ActiveCfg = Release|Any CPU
		{BC28B79D-44EB-4DA9-9BE0-1669B3524FDB}.Release|Any CPU.Build.0 = Release|Any CPU
	EndGlobalSection
	GlobalSection(SolutionProperties) = preSolution
		HideSolutionNode = FALSE
	EndGlobalSection
	GlobalSection(ExtensibilityGlobals) = postSolution
		SolutionGuid = {C7AFAAA5-B00C-4F91-BE59-E02F42BF647A}
	EndGlobalSection
EndGlobal
